
Microsoft Visual Studio Solution File, Format Version 12.00
# Visual Studio Version 17
VisualStudioVersion = 17.11.35219.272
MinimumVisualStudioVersion = 10.0.40219.1
Project("{FAE04EC0-301F-11D3-BF4B-00C04F79EFBC}") = "Inlämning Yatsy kap 5", "Inlämning Yatsy kap 5\Inlämning Yatsy kap 5.csproj", "{9080F25F-B4CF-4E70-99A7-039FE2165D36}"
EndProject
Global
	GlobalSection(SolutionConfigurationPlatforms) = preSolution
		Debug|Any CPU = Debug|Any CPU
		Release|Any CPU = Release|Any CPU
	EndGlobalSection
	GlobalSection(ProjectConfigurationPlatforms) = postSolution
		{9080F25F-B4CF-4E70-99A7-039FE2165D36}.Debug|Any CPU.ActiveCfg = Debug|Any CPU
		{9080F25F-B4CF-4E70-99A7-039FE2165D36}.Debug|Any CPU.Build.0 = Debug|Any CPU
		{9080F25F-B4CF-4E70-99A7-039FE2165D36}.Release|Any CPU.ActiveCfg = Release|Any CPU
		{9080F25F-B4CF-4E70-99A7-039FE2165D36}.Release|Any CPU.Build.0 = Release|Any CPU
	EndGlobalSection
	GlobalSection(SolutionProperties) = preSolution
		HideSolutionNode = FALSE
	EndGlobalSection
	GlobalSection(ExtensibilityGlobals) = postSolution
		SolutionGuid = {45BB79D9-8D71-4B52-A3C5-E8B9DF2BF5D2}
	EndGlobalSection
EndGlobal
