
Microsoft Visual Studio Solution File, Format Version 12.00
# Visual Studio Version 17
VisualStudioVersion = 17.11.35219.272
MinimumVisualStudioVersion = 10.0.40219.1
Project("{FAE04EC0-301F-11D3-BF4B-00C04F79EFBC}") = "inlämningsuppift", "inlämningsuppift\inlämningsuppift.csproj", "{B6A3C84B-D04F-45D5-9C10-26836A7D3041}"
EndProject
Global
	GlobalSection(SolutionConfigurationPlatforms) = preSolution
		Debug|Any CPU = Debug|Any CPU
		Release|Any CPU = Release|Any CPU
	EndGlobalSection
	GlobalSection(ProjectConfigurationPlatforms) = postSolution
		{B6A3C84B-D04F-45D5-9C10-26836A7D3041}.Debug|Any CPU.ActiveCfg = Debug|Any CPU
		{B6A3C84B-D04F-45D5-9C10-26836A7D3041}.Debug|Any CPU.Build.0 = Debug|Any CPU
		{B6A3C84B-D04F-45D5-9C10-26836A7D3041}.Release|Any CPU.ActiveCfg = Release|Any CPU
		{B6A3C84B-D04F-45D5-9C10-26836A7D3041}.Release|Any CPU.Build.0 = Release|Any CPU
	EndGlobalSection
	GlobalSection(SolutionProperties) = preSolution
		HideSolutionNode = FALSE
	EndGlobalSection
	GlobalSection(ExtensibilityGlobals) = postSolution
		SolutionGuid = {EB241548-5FB1-48C0-BFAD-F0A6A14590C5}
	EndGlobalSection
EndGlobal
