
Microsoft Visual Studio Solution File, Format Version 12.00
# Visual Studio Version 17
VisualStudioVersion = 17.11.35219.272
MinimumVisualStudioVersion = 10.0.40219.1
Project("{FAE04EC0-301F-11D3-BF4B-00C04F79EFBC}") = "inlämnings uppgift 2", "inlämnings uppgift 2\inlämnings uppgift 2.csproj", "{C15E3542-21E0-42AC-B539-8BD7B18ED67D}"
EndProject
Global
	GlobalSection(SolutionConfigurationPlatforms) = preSolution
		Debug|Any CPU = Debug|Any CPU
		Release|Any CPU = Release|Any CPU
	EndGlobalSection
	GlobalSection(ProjectConfigurationPlatforms) = postSolution
		{C15E3542-21E0-42AC-B539-8BD7B18ED67D}.Debug|Any CPU.ActiveCfg = Debug|Any CPU
		{C15E3542-21E0-42AC-B539-8BD7B18ED67D}.Debug|Any CPU.Build.0 = Debug|Any CPU
		{C15E3542-21E0-42AC-B539-8BD7B18ED67D}.Release|Any CPU.ActiveCfg = Release|Any CPU
		{C15E3542-21E0-42AC-B539-8BD7B18ED67D}.Release|Any CPU.Build.0 = Release|Any CPU
	EndGlobalSection
	GlobalSection(SolutionProperties) = preSolution
		HideSolutionNode = FALSE
	EndGlobalSection
	GlobalSection(ExtensibilityGlobals) = postSolution
		SolutionGuid = {A4F6E21C-C22C-4336-932F-0E6A9AA4DF6D}
	EndGlobalSection
EndGlobal
